PODS:
  - Bolts (1.5.0):
    - Bolts/AppLinks (= 1.5.0)
    - Bolts/Tasks (= 1.5.0)
  - Bolts/AppLinks (1.5.0):
    - Bolts/Tasks
  - Bolts/Tasks (1.5.0)
  - QMServices (0.3.6):
    - Bolts (= 1.5.0)
    - QuickBlox (~> 2.6.5)
  - QuickBlox (2.6.5)

DEPENDENCIES:
  - QMServices

SPEC CHECKSUMS:
  Bolts: 722ab9a4f8b50fc4ed1b9998a5a7a2b3f16d80b4
  QMServices: 76fe1b4eb380e92337a2fc07406fccd30f5bfda9
  QuickBlox: 9aaadd0e6d6c533622ca6395b7263f262a519141

COCOAPODS: 0.39.0
