// !$*UTF8*$!
{
	archiveVersion = 1;
	classes = {
	};
	objectVersion = 46;
	objects = {

/* Begin PBXBuildFile section */
		C3B98FADEFA564684E7755B3 /* libPods-chat-ios.a in Frameworks */ = {isa = PBXBuildFile; fileRef = 31E7CFAC666FD71468484E31 /* libPods-chat-ios.a */; };
		F466EF641C8ADD76000DDA3F /* SubjectModel.swift in Sources */ = {isa = PBXBuildFile; fileRef = F466EF631C8ADD76000DDA3F /* SubjectModel.swift */; };
		F4A0159D1CA860040046CF8D /* ChatViewController.swift in Sources */ = {isa = PBXBuildFile; fileRef = F4A0159C1CA860040046CF8D /* ChatViewController.swift */; };
		F4BC994A1C94505200552C06 /* TutorModel.swift in Sources */ = {isa = PBXBuildFile; fileRef = F4BC99491C94505200552C06 /* TutorModel.swift */; };
		F4BC994C1C94506B00552C06 /* StudentModel.swift in Sources */ = {isa = PBXBuildFile; fileRef = F4BC994B1C94506B00552C06 /* StudentModel.swift */; };
		F4BC99501C958D9600552C06 /* TutorViewController.swift in Sources */ = {isa = PBXBuildFile; fileRef = F4BC994F1C958D9600552C06 /* TutorViewController.swift */; };
		F4C3F7CA1C61319500DB5431 /* AppDelegate.swift in Sources */ = {isa = PBXBuildFile; fileRef = F4C3F7C91C61319500DB5431 /* AppDelegate.swift */; };
		F4C3F7CC1C61319500DB5431 /* SplashViewController.swift in Sources */ = {isa = PBXBuildFile; fileRef = F4C3F7CB1C61319500DB5431 /* SplashViewController.swift */; };
		F4C3F7CF1C61319500DB5431 /* Main.storyboard in Resources */ = {isa = PBXBuildFile; fileRef = F4C3F7CD1C61319500DB5431 /* Main.storyboard */; };
		F4C3F7D11C61319500DB5431 /* Assets.xcassets in Resources */ = {isa = PBXBuildFile; fileRef = F4C3F7D01C61319500DB5431 /* Assets.xcassets */; };
		F4C3F7D41C61319500DB5431 /* LaunchScreen.storyboard in Resources */ = {isa = PBXBuildFile; fileRef = F4C3F7D21C61319500DB5431 /* LaunchScreen.storyboard */; };
		F4F4B5331C73B9000018DB2E /* LoginViewController.swift in Sources */ = {isa = PBXBuildFile; fileRef = F4F4B5321C73B9000018DB2E /* LoginViewController.swift */; };
		F4FD91911C6F5E0700B74304 /* RegisterViewController.swift in Sources */ = {isa = PBXBuildFile; fileRef = F4FD91901C6F5E0700B74304 /* RegisterViewController.swift */; };
		F4FD91931C6F661900B74304 /* HomePageViewController.swift in Sources */ = {isa = PBXBuildFile; fileRef = F4FD91921C6F661900B74304 /* HomePageViewController.swift */; };
		F4FD91951C6F841200B74304 /* ActivityIndicatorView.swift in Sources */ = {isa = PBXBuildFile; fileRef = F4FD91941C6F841100B74304 /* ActivityIndicatorView.swift */; };
/* End PBXBuildFile section */

/* Begin PBXFileReference section */
		0D0E2F15080372E298890AA2 /* Pods-chat-ios.release.xcconfig */ = {isa = PBXFileReference; includeInIndex = 1; lastKnownFileType = text.xcconfig; name = "Pods-chat-ios.release.xcconfig"; path = "Pods/Target Support Files/Pods-chat-ios/Pods-chat-ios.release.xcconfig"; sourceTree = "<group>"; };
		288FD37429DA6B51C3BC6362 /* Pods-chat-ios.debug.xcconfig */ = {isa = PBXFileReference; includeInIndex = 1; lastKnownFileType = text.xcconfig; name = "Pods-chat-ios.debug.xcconfig"; path = "Pods/Target Support Files/Pods-chat-ios/Pods-chat-ios.debug.xcconfig"; sourceTree = "<group>"; };
		31E7CFAC666FD71468484E31 /* libPods-chat-ios.a */ = {isa = PBXFileReference; explicitFileType = archive.ar; includeInIndex = 0; path = "libPods-chat-ios.a"; sourceTree = BUILT_PRODUCTS_DIR; };
		F466EF631C8ADD76000DDA3F /* SubjectModel.swift */ = {isa = PBXFileReference; fileEncoding = 4; lastKnownFileType = sourcecode.swift; path = SubjectModel.swift; sourceTree = "<group>"; };
		F4A0159C1CA860040046CF8D /* ChatViewController.swift */ = {isa = PBXFileReference; fileEncoding = 4; lastKnownFileType = sourcecode.swift; path = ChatViewController.swift; sourceTree = "<group>"; };
		F4BC99491C94505200552C06 /* TutorModel.swift */ = {isa = PBXFileReference; fileEncoding = 4; lastKnownFileType = sourcecode.swift; path = TutorModel.swift; sourceTree = "<group>"; };
		F4BC994B1C94506B00552C06 /* StudentModel.swift */ = {isa = PBXFileReference; fileEncoding = 4; lastKnownFileType = sourcecode.swift; path = StudentModel.swift; sourceTree = "<group>"; };
		F4BC994F1C958D9600552C06 /* TutorViewController.swift */ = {isa = PBXFileReference; fileEncoding = 4; lastKnownFileType = sourcecode.swift; path = TutorViewController.swift; sourceTree = "<group>"; };
		F4C3F7C61C61319500DB5431 /* chat-ios.app */ = {isa = PBXFileReference; explicitFileType = wrapper.application; includeInIndex = 0; path = "chat-ios.app"; sourceTree = BUILT_PRODUCTS_DIR; };
		F4C3F7C91C61319500DB5431 /* AppDelegate.swift */ = {isa = PBXFileReference; lastKnownFileType = sourcecode.swift; path = AppDelegate.swift; sourceTree = "<group>"; };
		F4C3F7CB1C61319500DB5431 /* SplashViewController.swift */ = {isa = PBXFileReference; lastKnownFileType = sourcecode.swift; path = SplashViewController.swift; sourceTree = "<group>"; };
		F4C3F7CE1C61319500DB5431 /* Base */ = {isa = PBXFileReference; lastKnownFileType = file.storyboard; name = Base; path = Base.lproj/Main.storyboard; sourceTree = "<group>"; };
		F4C3F7D01C61319500DB5431 /* Assets.xcassets */ = {isa = PBXFileReference; lastKnownFileType = folder.assetcatalog; path = Assets.xcassets; sourceTree = "<group>"; };
		F4C3F7D31C61319500DB5431 /* Base */ = {isa = PBXFileReference; lastKnownFileType = file.storyboard; name = Base; path = Base.lproj/LaunchScreen.storyboard; sourceTree = "<group>"; };
		F4C3F7D51C61319500DB5431 /* Info.plist */ = {isa = PBXFileReference; lastKnownFileType = text.plist.xml; path = Info.plist; sourceTree = "<group>"; };
		F4C3F7DB1C6134BA00DB5431 /* chat-ios-Bridging-Header.h */ = {isa = PBXFileReference; lastKnownFileType = sourcecode.c.h; path = "chat-ios-Bridging-Header.h"; sourceTree = "<group>"; };
		F4F4B5321C73B9000018DB2E /* LoginViewController.swift */ = {isa = PBXFileReference; fileEncoding = 4; lastKnownFileType = sourcecode.swift; path = LoginViewController.swift; sourceTree = "<group>"; };
		F4FD91901C6F5E0700B74304 /* RegisterViewController.swift */ = {isa = PBXFileReference; fileEncoding = 4; lastKnownFileType = sourcecode.swift; path = RegisterViewController.swift; sourceTree = "<group>"; };
		F4FD91921C6F661900B74304 /* HomePageViewController.swift */ = {isa = PBXFileReference; fileEncoding = 4; lastKnownFileType = sourcecode.swift; path = HomePageViewController.swift; sourceTree = "<group>"; };
		F4FD91941C6F841100B74304 /* ActivityIndicatorView.swift */ = {isa = PBXFileReference; fileEncoding = 4; lastKnownFileType = sourcecode.swift; path = ActivityIndicatorView.swift; sourceTree = "<group>"; };
/* End PBXFileReference section */

/* Begin PBXFrameworksBuildPhase section */
		F4C3F7C31C61319400DB5431 /* Frameworks */ = {
			isa = PBXFrameworksBuildPhase;
			buildActionMask = 2147483647;
			files = (
				C3B98FADEFA564684E7755B3 /* libPods-chat-ios.a in Frameworks */,
			);
			runOnlyForDeploymentPostprocessing = 0;
		};
/* End PBXFrameworksBuildPhase section */

/* Begin PBXGroup section */
		0425E50721C9E8CCB8822196 /* Frameworks */ = {
			isa = PBXGroup;
			children = (
				31E7CFAC666FD71468484E31 /* libPods-chat-ios.a */,
			);
			name = Frameworks;
			sourceTree = "<group>";
		};
		4F877F58A68DC366FA27B0E8 /* Pods */ = {
			isa = PBXGroup;
			children = (
				288FD37429DA6B51C3BC6362 /* Pods-chat-ios.debug.xcconfig */,
				0D0E2F15080372E298890AA2 /* Pods-chat-ios.release.xcconfig */,
			);
			name = Pods;
			sourceTree = "<group>";
		};
		F466EF5F1C8ADB82000DDA3F /* Models */ = {
			isa = PBXGroup;
			children = (
				F466EF631C8ADD76000DDA3F /* SubjectModel.swift */,
				F4BC99491C94505200552C06 /* TutorModel.swift */,
				F4BC994B1C94506B00552C06 /* StudentModel.swift */,
			);
			name = Models;
			path = ..;
			sourceTree = "<group>";
		};
		F466EF601C8ADB9B000DDA3F /* ViewControllers */ = {
			isa = PBXGroup;
			children = (
				F4C3F7CB1C61319500DB5431 /* SplashViewController.swift */,
				F4F4B5321C73B9000018DB2E /* LoginViewController.swift */,
				F4FD91921C6F661900B74304 /* HomePageViewController.swift */,
				F4FD91901C6F5E0700B74304 /* RegisterViewController.swift */,
				F4BC994F1C958D9600552C06 /* TutorViewController.swift */,
				F4A0159C1CA860040046CF8D /* ChatViewController.swift */,
			);
			name = ViewControllers;
			sourceTree = "<group>";
		};
		F466EF611C8ADBC3000DDA3F /* Views */ = {
			isa = PBXGroup;
			children = (
				F4FD91941C6F841100B74304 /* ActivityIndicatorView.swift */,
			);
			name = Views;
			sourceTree = "<group>";
		};
		F466EF621C8ADBD5000DDA3F /* Storyboard */ = {
			isa = PBXGroup;
			children = (
				F4C3F7D21C61319500DB5431 /* LaunchScreen.storyboard */,
				F4C3F7CD1C61319500DB5431 /* Main.storyboard */,
			);
			name = Storyboard;
			sourceTree = "<group>";
		};
		F4C3F7BD1C61319400DB5431 = {
			isa = PBXGroup;
			children = (
				F4C3F7C81C61319500DB5431 /* chat-ios */,
				F4C3F7C71C61319500DB5431 /* Products */,
				4F877F58A68DC366FA27B0E8 /* Pods */,
				0425E50721C9E8CCB8822196 /* Frameworks */,
			);
			sourceTree = "<group>";
		};
		F4C3F7C71C61319500DB5431 /* Products */ = {
			isa = PBXGroup;
			children = (
				F4C3F7C61C61319500DB5431 /* chat-ios.app */,
			);
			name = Products;
			sourceTree = "<group>";
		};
		F4C3F7C81C61319500DB5431 /* chat-ios */ = {
			isa = PBXGroup;
			children = (
				F466EF621C8ADBD5000DDA3F /* Storyboard */,
				F466EF611C8ADBC3000DDA3F /* Views */,
				F466EF601C8ADB9B000DDA3F /* ViewControllers */,
				F466EF5F1C8ADB82000DDA3F /* Models */,
				F4C3F7C91C61319500DB5431 /* AppDelegate.swift */,
				F4C3F7D01C61319500DB5431 /* Assets.xcassets */,
				F4C3F7D51C61319500DB5431 /* Info.plist */,
				F4C3F7DB1C6134BA00DB5431 /* chat-ios-Bridging-Header.h */,
			);
			path = "chat-ios";
			sourceTree = "<group>";
		};
/* End PBXGroup section */

/* Begin PBXNativeTarget section */
		F4C3F7C51C61319400DB5431 /* chat-ios */ = {
			isa = PBXNativeTarget;
			buildConfigurationList = F4C3F7D81C61319500DB5431 /* Build configuration list for PBXNativeTarget "chat-ios" */;
			buildPhases = (
				0151F24E96ECCA40700EB830 /* Check Pods Manifest.lock */,
				F4C3F7C21C61319400DB5431 /* Sources */,
				F4C3F7C31C61319400DB5431 /* Frameworks */,
				F4C3F7C41C61319400DB5431 /* Resources */,
				3E74428DC596367FF289B259 /* Embed Pods Frameworks */,
				72B49A46A1671374E5541ECF /* Copy Pods Resources */,
			);
			buildRules = (
			);
			dependencies = (
			);
			name = "chat-ios";
			productName = "chat-ios";
			productReference = F4C3F7C61C61319500DB5431 /* chat-ios.app */;
			productType = "com.apple.product-type.application";
		};
/* End PBXNativeTarget section */

/* Begin PBXProject section */
		F4C3F7BE1C61319400DB5431 /* Project object */ = {
			isa = PBXProject;
			attributes = {
				LastSwiftUpdateCheck = 0720;
				LastUpgradeCheck = 0720;
				ORGANIZATIONNAME = "Lucky Egg Studios";
				TargetAttributes = {
					F4C3F7C51C61319400DB5431 = {
						CreatedOnToolsVersion = 7.2;
						DevelopmentTeam = G7ZNYHYJ3M;
					};
				};
			};
			buildConfigurationList = F4C3F7C11C61319400DB5431 /* Build configuration list for PBXProject "chat-ios" */;
			compatibilityVersion = "Xcode 3.2";
			developmentRegion = English;
			hasScannedForEncodings = 0;
			knownRegions = (
				en,
				Base,
			);
			mainGroup = F4C3F7BD1C61319400DB5431;
			productRefGroup = F4C3F7C71C61319500DB5431 /* Products */;
			projectDirPath = "";
			projectRoot = "";
			targets = (
				F4C3F7C51C61319400DB5431 /* chat-ios */,
			);
		};
/* End PBXProject section */

/* Begin PBXResourcesBuildPhase section */
		F4C3F7C41C61319400DB5431 /* Resources */ = {
			isa = PBXResourcesBuildPhase;
			buildActionMask = 2147483647;
			files = (
				F4C3F7D41C61319500DB5431 /* LaunchScreen.storyboard in Resources */,
				F4C3F7D11C61319500DB5431 /* Assets.xcassets in Resources */,
				F4C3F7CF1C61319500DB5431 /* Main.storyboard in Resources */,
			);
			runOnlyForDeploymentPostprocessing = 0;
		};
/* End PBXResourcesBuildPhase section */

/* Begin PBXShellScriptBuildPhase section */
		0151F24E96ECCA40700EB830 /* Check Pods Manifest.lock */ = {
			isa = PBXShellScriptBuildPhase;
			buildActionMask = 2147483647;
			files = (
			);
			inputPaths = (
			);
			name = "Check Pods Manifest.lock";
			outputPaths = (
			);
			runOnlyForDeploymentPostprocessing = 0;
			shellPath = /bin/sh;
			shellScript = "diff \"${PODS_ROOT}/../Podfile.lock\" \"${PODS_ROOT}/Manifest.lock\" > /dev/null\nif [[ $? != 0 ]] ; then\n    cat << EOM\nerror: The sandbox is not in sync with the Podfile.lock. Run 'pod install' or update your CocoaPods installation.\nEOM\n    exit 1\nfi\n";
			showEnvVarsInLog = 0;
		};
		3E74428DC596367FF289B259 /* Embed Pods Frameworks */ = {
			isa = PBXShellScriptBuildPhase;
			buildActionMask = 2147483647;
			files = (
			);
			inputPaths = (
			);
			name = "Embed Pods Frameworks";
			outputPaths = (
			);
			runOnlyForDeploymentPostprocessing = 0;
			shellPath = /bin/sh;
			shellScript = "\"${SRCROOT}/Pods/Target Support Files/Pods-chat-ios/Pods-chat-ios-frameworks.sh\"\n";
			showEnvVarsInLog = 0;
		};
		72B49A46A1671374E5541ECF /* Copy Pods Resources */ = {
			isa = PBXShellScriptBuildPhase;
			buildActionMask = 2147483647;
			files = (
			);
			inputPaths = (
			);
			name = "Copy Pods Resources";
			outputPaths = (
			);
			runOnlyForDeploymentPostprocessing = 0;
			shellPath = /bin/sh;
			shellScript = "\"${SRCROOT}/Pods/Target Support Files/Pods-chat-ios/Pods-chat-ios-resources.sh\"\n";
			showEnvVarsInLog = 0;
		};
/* End PBXShellScriptBuildPhase section */

/* Begin PBXSourcesBuildPhase section */
		F4C3F7C21C61319400DB5431 /* Sources */ = {
			isa = PBXSourcesBuildPhase;
			buildActionMask = 2147483647;
			files = (
				F4F4B5331C73B9000018DB2E /* LoginViewController.swift in Sources */,
				F4BC99501C958D9600552C06 /* TutorViewController.swift in Sources */,
				F4A0159D1CA860040046CF8D /* ChatViewController.swift in Sources */,
				F4BC994C1C94506B00552C06 /* StudentModel.swift in Sources */,
				F4FD91931C6F661900B74304 /* HomePageViewController.swift in Sources */,
				F4BC994A1C94505200552C06 /* TutorModel.swift in Sources */,
				F4FD91951C6F841200B74304 /* ActivityIndicatorView.swift in Sources */,
				F4FD91911C6F5E0700B74304 /* RegisterViewController.swift in Sources */,
				F4C3F7CC1C61319500DB5431 /* SplashViewController.swift in Sources */,
				F466EF641C8ADD76000DDA3F /* SubjectModel.swift in Sources */,
				F4C3F7CA1C61319500DB5431 /* AppDelegate.swift in Sources */,
			);
			runOnlyForDeploymentPostprocessing = 0;
		};
/* End PBXSourcesBuildPhase section */

/* Begin PBXVariantGroup section */
		F4C3F7CD1C61319500DB5431 /* Main.storyboard */ = {
			isa = PBXVariantGroup;
			children = (
				F4C3F7CE1C61319500DB5431 /* Base */,
			);
			name = Main.storyboard;
			sourceTree = "<group>";
		};
		F4C3F7D21C61319500DB5431 /* LaunchScreen.storyboard */ = {
			isa = PBXVariantGroup;
			children = (
				F4C3F7D31C61319500DB5431 /* Base */,
			);
			name = LaunchScreen.storyboard;
			sourceTree = "<group>";
		};
/* End PBXVariantGroup section */

/* Begin XCBuildConfiguration section */
		F4C3F7D61C61319500DB5431 /* Debug */ = {
			isa = XCBuildConfiguration;
			buildSettings = {
				ALWAYS_SEARCH_USER_PATHS = NO;
				CLANG_CXX_LANGUAGE_STANDARD = "gnu++0x";
				CLANG_CXX_LIBRARY = "libc++";
				CLANG_ENABLE_MODULES = YES;
				CLANG_ENABLE_OBJC_ARC = YES;
				CLANG_WARN_BOOL_CONVERSION = YES;
				CLANG_WARN_CONSTANT_CONVERSION = YES;
				CLANG_WARN_DIRECT_OBJC_ISA_USAGE = YES_ERROR;
				CLANG_WARN_EMPTY_BODY = YES;
				CLANG_WARN_ENUM_CONVERSION = YES;
				CLANG_WARN_INT_CONVERSION = YES;
				CLANG_WARN_OBJC_ROOT_CLASS = YES_ERROR;
				CLANG_WARN_UNREACHABLE_CODE = YES;
				CLANG_WARN__DUPLICATE_METHOD_MATCH = YES;
				"CODE_SIGN_IDENTITY[sdk=iphoneos*]" = "iPhone Developer";
				COPY_PHASE_STRIP = NO;
				DEBUG_INFORMATION_FORMAT = dwarf;
				ENABLE_STRICT_OBJC_MSGSEND = YES;
				ENABLE_TESTABILITY = YES;
				GCC_C_LANGUAGE_STANDARD = gnu99;
				GCC_DYNAMIC_NO_PIC = NO;
				GCC_NO_COMMON_BLOCKS = YES;
				GCC_OPTIMIZATION_LEVEL = 0;
				GCC_PREPROCESSOR_DEFINITIONS = (
					"DEBUG=1",
					"$(inherited)",
				);
				GCC_WARN_64_TO_32_BIT_CONVERSION = YES;
				GCC_WARN_ABOUT_RETURN_TYPE = YES_ERROR;
				GCC_WARN_UNDECLARED_SELECTOR = YES;
				GCC_WARN_UNINITIALIZED_AUTOS = YES_AGGRESSIVE;
				GCC_WARN_UNUSED_FUNCTION = YES;
				GCC_WARN_UNUSED_VARIABLE = YES;
				IPHONEOS_DEPLOYMENT_TARGET = 9.2;
				MTL_ENABLE_DEBUG_INFO = YES;
				ONLY_ACTIVE_ARCH = YES;
				SDKROOT = iphoneos;
				SWIFT_OPTIMIZATION_LEVEL = "-Onone";
				TARGETED_DEVICE_FAMILY = "1,2";
			};
			name = Debug;
		};
		F4C3F7D71C61319500DB5431 /* Release */ = {
			isa = XCBuildConfiguration;
			buildSettings = {
				ALWAYS_SEARCH_USER_PATHS = NO;
				CLANG_CXX_LANGUAGE_STANDARD = "gnu++0x";
				CLANG_CXX_LIBRARY = "libc++";
				CLANG_ENABLE_MODULES = YES;
				CLANG_ENABLE_OBJC_ARC = YES;
				CLANG_WARN_BOOL_CONVERSION = YES;
				CLANG_WARN_CONSTANT_CONVERSION = YES;
				CLANG_WARN_DIRECT_OBJC_ISA_USAGE = YES_ERROR;
				CLANG_WARN_EMPTY_BODY = YES;
				CLANG_WARN_ENUM_CONVERSION = YES;
				CLANG_WARN_INT_CONVERSION = YES;
				CLANG_WARN_OBJC_ROOT_CLASS = YES_ERROR;
				CLANG_WARN_UNREACHABLE_CODE = YES;
				CLANG_WARN__DUPLICATE_METHOD_MATCH = YES;
				"CODE_SIGN_IDENTITY[sdk=iphoneos*]" = "iPhone Developer";
				COPY_PHASE_STRIP = NO;
				DEBUG_INFORMATION_FORMAT = "dwarf-with-dsym";
				ENABLE_NS_ASSERTIONS = NO;
				ENABLE_STRICT_OBJC_MSGSEND = YES;
				GCC_C_LANGUAGE_STANDARD = gnu99;
				GCC_NO_COMMON_BLOCKS = YES;
				GCC_WARN_64_TO_32_BIT_CONVERSION = YES;
				GCC_WARN_ABOUT_RETURN_TYPE = YES_ERROR;
				GCC_WARN_UNDECLARED_SELECTOR = YES;
				GCC_WARN_UNINITIALIZED_AUTOS = YES_AGGRESSIVE;
				GCC_WARN_UNUSED_FUNCTION = YES;
				GCC_WARN_UNUSED_VARIABLE = YES;
				IPHONEOS_DEPLOYMENT_TARGET = 9.2;
				MTL_ENABLE_DEBUG_INFO = NO;
				SDKROOT = iphoneos;
				TARGETED_DEVICE_FAMILY = "1,2";
				VALIDATE_PRODUCT = YES;
			};
			name = Release;
		};
		F4C3F7D91C61319500DB5431 /* Debug */ = {
			isa = XCBuildConfiguration;
			baseConfigurationReference = 288FD37429DA6B51C3BC6362 /* Pods-chat-ios.debug.xcconfig */;
			buildSettings = {
				ASSETCATALOG_COMPILER_APPICON_NAME = AppIcon;
				CLANG_ENABLE_MODULES = YES;
				INFOPLIST_FILE = "chat-ios/Info.plist";
				LD_RUNPATH_SEARCH_PATHS = "$(inherited) @executable_path/Frameworks";
				PRODUCT_BUNDLE_IDENTIFIER = "com.les.chat-ios";
				PRODUCT_NAME = "$(TARGET_NAME)";
				SWIFT_OBJC_BRIDGING_HEADER = "chat-ios/chat-ios-Bridging-Header.h";
				SWIFT_OPTIMIZATION_LEVEL = "-Onone";
			};
			name = Debug;
		};
		F4C3F7DA1C61319500DB5431 /* Release */ = {
			isa = XCBuildConfiguration;
			baseConfigurationReference = 0D0E2F15080372E298890AA2 /* Pods-chat-ios.release.xcconfig */;
			buildSettings = {
				ASSETCATALOG_COMPILER_APPICON_NAME = AppIcon;
				CLANG_ENABLE_MODULES = YES;
				INFOPLIST_FILE = "chat-ios/Info.plist";
				LD_RUNPATH_SEARCH_PATHS = "$(inherited) @executable_path/Frameworks";
				PRODUCT_BUNDLE_IDENTIFIER = "com.les.chat-ios";
				PRODUCT_NAME = "$(TARGET_NAME)";
				SWIFT_OBJC_BRIDGING_HEADER = "chat-ios/chat-ios-Bridging-Header.h";
				SWIFT_OPTIMIZATION_LEVEL = "-Onone";
			};
			name = Release;
		};
/* End XCBuildConfiguration section */

/* Begin XCConfigurationList section */
		F4C3F7C11C61319400DB5431 /* Build configuration list for PBXProject "chat-ios" */ = {
			isa = XCConfigurationList;
			buildConfigurations = (
				F4C3F7D61C61319500DB5431 /* Debug */,
				F4C3F7D71C61319500DB5431 /* Release */,
			);
			defaultConfigurationIsVisible = 0;
			defaultConfigurationName = Release;
		};
		F4C3F7D81C61319500DB5431 /* Build configuration list for PBXNativeTarget "chat-ios" */ = {
			isa = XCConfigurationList;
			buildConfigurations = (
				F4C3F7D91C61319500DB5431 /* Debug */,
				F4C3F7DA1C61319500DB5431 /* Release */,
			);
			defaultConfigurationIsVisible = 0;
			defaultConfigurationName = Release;
		};
/* End XCConfigurationList section */
	};
	rootObject = F4C3F7BE1C61319400DB5431 /* Project object */;
}
